
Microsoft Visual Studio Solution File, Format Version 12.00
# Visual Studio Version 17
VisualStudioVersion = 17.14.36414.22
MinimumVisualStudioVersion = 10.0.40219.1
Project("{8BC9CEB8-8B4A-11D0-8D11-00A0C91BC942}") = "001_Classes", "001_Classes\001_Classes.vcxproj", "{F3347DAF-B635-4162-BA52-DB77A1093318}"
EndProject
Project("{8BC9CEB8-8B4A-11D0-8D11-00A0C91BC942}") = "002_Constructors_Destructrors", "002_Constructors_Destructrors\002_Constructors_Destructrors.vcxproj", "{33B6B7F1-6B40-46AD-9894-9F06742589D1}"
EndProject
Project("{8BC9CEB8-8B4A-11D0-8D11-00A0C91BC942}") = "003_Vector", "003_Vector\003_Vector.vcxproj", "{C7FD8B16-2528-4FE7-98B9-40160613F087}"
EndProject
Project("{8BC9CEB8-8B4A-11D0-8D11-00A0C91BC942}") = "004_ConstructorCopy", "004_ConstructorCopy\004_ConstructorCopy.vcxproj", "{E5B4E5E5-0558-4548-BF71-ED83004E7BCC}"
EndProject
Project("{8BC9CEB8-8B4A-11D0-8D11-00A0C91BC942}") = "005_PointerThis", "005_PointerThis\005_PointerThis.vcxproj", "{606782D1-0D5F-4422-8F1F-8A13A3464B82}"
EndProject
Project("{8BC9CEB8-8B4A-11D0-8D11-00A0C91BC942}") = "006_Static", "006_Static\006_Static.vcxproj", "{E0599D72-9CB8-4281-A91B-F08DE8ABA616}"
EndProject
Project("{8BC9CEB8-8B4A-11D0-8D11-00A0C91BC942}") = "007_OperatorsOverloading", "007_OperatorsOverloading\007_OperatorsOverloading.vcxproj", "{78DDA022-DC9E-4083-A45A-F9CC8A5F75E4}"
EndProject
Project("{8BC9CEB8-8B4A-11D0-8D11-00A0C91BC942}") = "008_Fraction", "008_Fraction\008_Fraction.vcxproj", "{04017EF9-ED94-4F02-9565-807CDA859477}"
EndProject
Project("{8BC9CEB8-8B4A-11D0-8D11-00A0C91BC942}") = "009_String", "009_String\009_String.vcxproj", "{6F5B2C02-F4BF-43C8-9AB6-B03A48CB11AD}"
EndProject
Project("{8BC9CEB8-8B4A-11D0-8D11-00A0C91BC942}") = "010_TemplateFunctions", "010_TemplateFunctions\010_TemplateFunctions.vcxproj", "{41E01E2F-8C56-40A0-BD23-E1E68BE66B7F}"
EndProject
Project("{8BC9CEB8-8B4A-11D0-8D11-00A0C91BC942}") = "011_TemplateClasses", "011_TemplateClasses\011_TemplateClasses.vcxproj", "{2951808C-8C44-4A35-BC20-C5CDF11D357E}"
EndProject
Project("{8BC9CEB8-8B4A-11D0-8D11-00A0C91BC942}") = "012_TemplateVector", "012_TemplateVector\012_TemplateVector.vcxproj", "{128A9164-502D-46D0-8023-27D20F764834}"
EndProject
Project("{8BC9CEB8-8B4A-11D0-8D11-00A0C91BC942}") = "013_String", "013_String\013_String.vcxproj", "{76525E6D-C4A3-4911-8325-12A27DE4BE6D}"
EndProject
Project("{8BC9CEB8-8B4A-11D0-8D11-00A0C91BC942}") = "014_SingleLinkedList", "014_SingleLinkedList\014_SingleLinkedList.vcxproj", "{684F8379-B743-4ECD-AF35-5ACCA45142A0}"
EndProject
Project("{8BC9CEB8-8B4A-11D0-8D11-00A0C91BC942}") = "015_DoubleLinkedList", "015_DoubleLinkedList\015_DoubleLinkedList.vcxproj", "{BF4CC65A-7D33-4E17-BC5B-D24984C41459}"
EndProject
Project("{8BC9CEB8-8B4A-11D0-8D11-00A0C91BC942}") = "016_Stack", "016_Stack\016_Stack.vcxproj", "{BB66E5FC-5F5A-45BB-A0F9-371D1D76DD2A}"
EndProject
Project("{8BC9CEB8-8B4A-11D0-8D11-00A0C91BC942}") = "017_Template_Stack", "017_Template_Stack\017_Template_Stack.vcxproj", "{6669A463-DA23-4523-95DE-B061D2F88084}"
EndProject
Project("{8BC9CEB8-8B4A-11D0-8D11-00A0C91BC942}") = "018_Queue", "018_Queue\018_Queue.vcxproj", "{A55E1629-A4A3-48C1-B5BB-A6BAEC167AF7}"
EndProject
Project("{8BC9CEB8-8B4A-11D0-8D11-00A0C91BC942}") = "019_RingQueue", "019_RingQueue\019_RingQueue.vcxproj", "{6418E0A6-B767-40D0-9B18-555778A9BE4F}"
EndProject
Project("{8BC9CEB8-8B4A-11D0-8D11-00A0C91BC942}") = "020_PriorityQueue", "020_PriorityQueue\020_PriorityQueue.vcxproj", "{83E0A7B3-D609-4292-B126-D274EF57F5C5}"
EndProject
Project("{8BC9CEB8-8B4A-11D0-8D11-00A0C91BC942}") = "021_PriorityQueueTemplate", "021_PriorityQueueTemplate\021_PriorityQueueTemplate.vcxproj", "{E88613C5-8D19-4FA7-9B10-E806B854D275}"
EndProject
Global
	GlobalSection(SolutionConfigurationPlatforms) = preSolution
		Debug|x64 = Debug|x64
		Debug|x86 = Debug|x86
		Release|x64 = Release|x64
		Release|x86 = Release|x86
	EndGlobalSection
	GlobalSection(ProjectConfigurationPlatforms) = postSolution
		{F3347DAF-B635-4162-BA52-DB77A1093318}.Debug|x64.ActiveCfg = Debug|x64
		{F3347DAF-B635-4162-BA52-DB77A1093318}.Debug|x64.Build.0 = Debug|x64
		{F3347DAF-B635-4162-BA52-DB77A1093318}.Debug|x86.ActiveCfg = Debug|Win32
		{F3347DAF-B635-4162-BA52-DB77A1093318}.Debug|x86.Build.0 = Debug|Win32
		{F3347DAF-B635-4162-BA52-DB77A1093318}.Release|x64.ActiveCfg = Release|x64
		{F3347DAF-B635-4162-BA52-DB77A1093318}.Release|x64.Build.0 = Release|x64
		{F3347DAF-B635-4162-BA52-DB77A1093318}.Release|x86.ActiveCfg = Release|Win32
		{F3347DAF-B635-4162-BA52-DB77A1093318}.Release|x86.Build.0 = Release|Win32
		{33B6B7F1-6B40-46AD-9894-9F06742589D1}.Debug|x64.ActiveCfg = Debug|x64
		{33B6B7F1-6B40-46AD-9894-9F06742589D1}.Debug|x64.Build.0 = Debug|x64
		{33B6B7F1-6B40-46AD-9894-9F06742589D1}.Debug|x86.ActiveCfg = Debug|Win32
		{33B6B7F1-6B40-46AD-9894-9F06742589D1}.Debug|x86.Build.0 = Debug|Win32
		{33B6B7F1-6B40-46AD-9894-9F06742589D1}.Release|x64.ActiveCfg = Release|x64
		{33B6B7F1-6B40-46AD-9894-9F06742589D1}.Release|x64.Build.0 = Release|x64
		{33B6B7F1-6B40-46AD-9894-9F06742589D1}.Release|x86.ActiveCfg = Release|Win32
		{33B6B7F1-6B40-46AD-9894-9F06742589D1}.Release|x86.Build.0 = Release|Win32
		{C7FD8B16-2528-4FE7-98B9-40160613F087}.Debug|x64.ActiveCfg = Debug|x64
		{C7FD8B16-2528-4FE7-98B9-40160613F087}.Debug|x64.Build.0 = Debug|x64
		{C7FD8B16-2528-4FE7-98B9-40160613F087}.Debug|x86.ActiveCfg = Debug|Win32
		{C7FD8B16-2528-4FE7-98B9-40160613F087}.Debug|x86.Build.0 = Debug|Win32
		{C7FD8B16-2528-4FE7-98B9-40160613F087}.Release|x64.ActiveCfg = Release|x64
		{C7FD8B16-2528-4FE7-98B9-40160613F087}.Release|x64.Build.0 = Release|x64
		{C7FD8B16-2528-4FE7-98B9-40160613F087}.Release|x86.ActiveCfg = Release|Win32
		{C7FD8B16-2528-4FE7-98B9-40160613F087}.Release|x86.Build.0 = Release|Win32
		{E5B4E5E5-0558-4548-BF71-ED83004E7BCC}.Debug|x64.ActiveCfg = Debug|x64
		{E5B4E5E5-0558-4548-BF71-ED83004E7BCC}.Debug|x64.Build.0 = Debug|x64
		{E5B4E5E5-0558-4548-BF71-ED83004E7BCC}.Debug|x86.ActiveCfg = Debug|Win32
		{E5B4E5E5-0558-4548-BF71-ED83004E7BCC}.Debug|x86.Build.0 = Debug|Win32
		{E5B4E5E5-0558-4548-BF71-ED83004E7BCC}.Release|x64.ActiveCfg = Release|x64
		{E5B4E5E5-0558-4548-BF71-ED83004E7BCC}.Release|x64.Build.0 = Release|x64
		{E5B4E5E5-0558-4548-BF71-ED83004E7BCC}.Release|x86.ActiveCfg = Release|Win32
		{E5B4E5E5-0558-4548-BF71-ED83004E7BCC}.Release|x86.Build.0 = Release|Win32
		{606782D1-0D5F-4422-8F1F-8A13A3464B82}.Debug|x64.ActiveCfg = Debug|x64
		{606782D1-0D5F-4422-8F1F-8A13A3464B82}.Debug|x64.Build.0 = Debug|x64
		{606782D1-0D5F-4422-8F1F-8A13A3464B82}.Debug|x86.ActiveCfg = Debug|Win32
		{606782D1-0D5F-4422-8F1F-8A13A3464B82}.Debug|x86.Build.0 = Debug|Win32
		{606782D1-0D5F-4422-8F1F-8A13A3464B82}.Release|x64.ActiveCfg = Release|x64
		{606782D1-0D5F-4422-8F1F-8A13A3464B82}.Release|x64.Build.0 = Release|x64
		{606782D1-0D5F-4422-8F1F-8A13A3464B82}.Release|x86.ActiveCfg = Release|Win32
		{606782D1-0D5F-4422-8F1F-8A13A3464B82}.Release|x86.Build.0 = Release|Win32
		{E0599D72-9CB8-4281-A91B-F08DE8ABA616}.Debug|x64.ActiveCfg = Debug|x64
		{E0599D72-9CB8-4281-A91B-F08DE8ABA616}.Debug|x64.Build.0 = Debug|x64
		{E0599D72-9CB8-4281-A91B-F08DE8ABA616}.Debug|x86.ActiveCfg = Debug|Win32
		{E0599D72-9CB8-4281-A91B-F08DE8ABA616}.Debug|x86.Build.0 = Debug|Win32
		{E0599D72-9CB8-4281-A91B-F08DE8ABA616}.Release|x64.ActiveCfg = Release|x64
		{E0599D72-9CB8-4281-A91B-F08DE8ABA616}.Release|x64.Build.0 = Release|x64
		{E0599D72-9CB8-4281-A91B-F08DE8ABA616}.Release|x86.ActiveCfg = Release|Win32
		{E0599D72-9CB8-4281-A91B-F08DE8ABA616}.Release|x86.Build.0 = Release|Win32
		{78DDA022-DC9E-4083-A45A-F9CC8A5F75E4}.Debug|x64.ActiveCfg = Debug|x64
		{78DDA022-DC9E-4083-A45A-F9CC8A5F75E4}.Debug|x64.Build.0 = Debug|x64
		{78DDA022-DC9E-4083-A45A-F9CC8A5F75E4}.Debug|x86.ActiveCfg = Debug|Win32
		{78DDA022-DC9E-4083-A45A-F9CC8A5F75E4}.Debug|x86.Build.0 = Debug|Win32
		{78DDA022-DC9E-4083-A45A-F9CC8A5F75E4}.Release|x64.ActiveCfg = Release|x64
		{78DDA022-DC9E-4083-A45A-F9CC8A5F75E4}.Release|x64.Build.0 = Release|x64
		{78DDA022-DC9E-4083-A45A-F9CC8A5F75E4}.Release|x86.ActiveCfg = Release|Win32
		{78DDA022-DC9E-4083-A45A-F9CC8A5F75E4}.Release|x86.Build.0 = Release|Win32
		{04017EF9-ED94-4F02-9565-807CDA859477}.Debug|x64.ActiveCfg = Debug|x64
		{04017EF9-ED94-4F02-9565-807CDA859477}.Debug|x64.Build.0 = Debug|x64
		{04017EF9-ED94-4F02-9565-807CDA859477}.Debug|x86.ActiveCfg = Debug|Win32
		{04017EF9-ED94-4F02-9565-807CDA859477}.Debug|x86.Build.0 = Debug|Win32
		{04017EF9-ED94-4F02-9565-807CDA859477}.Release|x64.ActiveCfg = Release|x64
		{04017EF9-ED94-4F02-9565-807CDA859477}.Release|x64.Build.0 = Release|x64
		{04017EF9-ED94-4F02-9565-807CDA859477}.Release|x86.ActiveCfg = Release|Win32
		{04017EF9-ED94-4F02-9565-807CDA859477}.Release|x86.Build.0 = Release|Win32
		{6F5B2C02-F4BF-43C8-9AB6-B03A48CB11AD}.Debug|x64.ActiveCfg = Debug|x64
		{6F5B2C02-F4BF-43C8-9AB6-B03A48CB11AD}.Debug|x64.Build.0 = Debug|x64
		{6F5B2C02-F4BF-43C8-9AB6-B03A48CB11AD}.Debug|x86.ActiveCfg = Debug|Win32
		{6F5B2C02-F4BF-43C8-9AB6-B03A48CB11AD}.Debug|x86.Build.0 = Debug|Win32
		{6F5B2C02-F4BF-43C8-9AB6-B03A48CB11AD}.Release|x64.ActiveCfg = Release|x64
		{6F5B2C02-F4BF-43C8-9AB6-B03A48CB11AD}.Release|x64.Build.0 = Release|x64
		{6F5B2C02-F4BF-43C8-9AB6-B03A48CB11AD}.Release|x86.ActiveCfg = Release|Win32
		{6F5B2C02-F4BF-43C8-9AB6-B03A48CB11AD}.Release|x86.Build.0 = Release|Win32
		{41E01E2F-8C56-40A0-BD23-E1E68BE66B7F}.Debug|x64.ActiveCfg = Debug|x64
		{41E01E2F-8C56-40A0-BD23-E1E68BE66B7F}.Debug|x64.Build.0 = Debug|x64
		{41E01E2F-8C56-40A0-BD23-E1E68BE66B7F}.Debug|x86.ActiveCfg = Debug|Win32
		{41E01E2F-8C56-40A0-BD23-E1E68BE66B7F}.Debug|x86.Build.0 = Debug|Win32
		{41E01E2F-8C56-40A0-BD23-E1E68BE66B7F}.Release|x64.ActiveCfg = Release|x64
		{41E01E2F-8C56-40A0-BD23-E1E68BE66B7F}.Release|x64.Build.0 = Release|x64
		{41E01E2F-8C56-40A0-BD23-E1E68BE66B7F}.Release|x86.ActiveCfg = Release|Win32
		{41E01E2F-8C56-40A0-BD23-E1E68BE66B7F}.Release|x86.Build.0 = Release|Win32
		{2951808C-8C44-4A35-BC20-C5CDF11D357E}.Debug|x64.ActiveCfg = Debug|x64
		{2951808C-8C44-4A35-BC20-C5CDF11D357E}.Debug|x64.Build.0 = Debug|x64
		{2951808C-8C44-4A35-BC20-C5CDF11D357E}.Debug|x86.ActiveCfg = Debug|Win32
		{2951808C-8C44-4A35-BC20-C5CDF11D357E}.Debug|x86.Build.0 = Debug|Win32
		{2951808C-8C44-4A35-BC20-C5CDF11D357E}.Release|x64.ActiveCfg = Release|x64
		{2951808C-8C44-4A35-BC20-C5CDF11D357E}.Release|x64.Build.0 = Release|x64
		{2951808C-8C44-4A35-BC20-C5CDF11D357E}.Release|x86.ActiveCfg = Release|Win32
		{2951808C-8C44-4A35-BC20-C5CDF11D357E}.Release|x86.Build.0 = Release|Win32
		{128A9164-502D-46D0-8023-27D20F764834}.Debug|x64.ActiveCfg = Debug|x64
		{128A9164-502D-46D0-8023-27D20F764834}.Debug|x64.Build.0 = Debug|x64
		{128A9164-502D-46D0-8023-27D20F764834}.Debug|x86.ActiveCfg = Debug|Win32
		{128A9164-502D-46D0-8023-27D20F764834}.Debug|x86.Build.0 = Debug|Win32
		{128A9164-502D-46D0-8023-27D20F764834}.Release|x64.ActiveCfg = Release|x64
		{128A9164-502D-46D0-8023-27D20F764834}.Release|x64.Build.0 = Release|x64
		{128A9164-502D-46D0-8023-27D20F764834}.Release|x86.ActiveCfg = Release|Win32
		{128A9164-502D-46D0-8023-27D20F764834}.Release|x86.Build.0 = Release|Win32
		{76525E6D-C4A3-4911-8325-12A27DE4BE6D}.Debug|x64.ActiveCfg = Debug|x64
		{76525E6D-C4A3-4911-8325-12A27DE4BE6D}.Debug|x64.Build.0 = Debug|x64
		{76525E6D-C4A3-4911-8325-12A27DE4BE6D}.Debug|x86.ActiveCfg = Debug|Win32
		{76525E6D-C4A3-4911-8325-12A27DE4BE6D}.Debug|x86.Build.0 = Debug|Win32
		{76525E6D-C4A3-4911-8325-12A27DE4BE6D}.Release|x64.ActiveCfg = Release|x64
		{76525E6D-C4A3-4911-8325-12A27DE4BE6D}.Release|x64.Build.0 = Release|x64
		{76525E6D-C4A3-4911-8325-12A27DE4BE6D}.Release|x86.ActiveCfg = Release|Win32
		{76525E6D-C4A3-4911-8325-12A27DE4BE6D}.Release|x86.Build.0 = Release|Win32
		{684F8379-B743-4ECD-AF35-5ACCA45142A0}.Debug|x64.ActiveCfg = Debug|x64
		{684F8379-B743-4ECD-AF35-5ACCA45142A0}.Debug|x64.Build.0 = Debug|x64
		{684F8379-B743-4ECD-AF35-5ACCA45142A0}.Debug|x86.ActiveCfg = Debug|Win32
		{684F8379-B743-4ECD-AF35-5ACCA45142A0}.Debug|x86.Build.0 = Debug|Win32
		{684F8379-B743-4ECD-AF35-5ACCA45142A0}.Release|x64.ActiveCfg = Release|x64
		{684F8379-B743-4ECD-AF35-5ACCA45142A0}.Release|x64.Build.0 = Release|x64
		{684F8379-B743-4ECD-AF35-5ACCA45142A0}.Release|x86.ActiveCfg = Release|Win32
		{684F8379-B743-4ECD-AF35-5ACCA45142A0}.Release|x86.Build.0 = Release|Win32
		{BF4CC65A-7D33-4E17-BC5B-D24984C41459}.Debug|x64.ActiveCfg = Debug|x64
		{BF4CC65A-7D33-4E17-BC5B-D24984C41459}.Debug|x64.Build.0 = Debug|x64
		{BF4CC65A-7D33-4E17-BC5B-D24984C41459}.Debug|x86.ActiveCfg = Debug|Win32
		{BF4CC65A-7D33-4E17-BC5B-D24984C41459}.Debug|x86.Build.0 = Debug|Win32
		{BF4CC65A-7D33-4E17-BC5B-D24984C41459}.Release|x64.ActiveCfg = Release|x64
		{BF4CC65A-7D33-4E17-BC5B-D24984C41459}.Release|x64.Build.0 = Release|x64
		{BF4CC65A-7D33-4E17-BC5B-D24984C41459}.Release|x86.ActiveCfg = Release|Win32
		{BF4CC65A-7D33-4E17-BC5B-D24984C41459}.Release|x86.Build.0 = Release|Win32
		{BB66E5FC-5F5A-45BB-A0F9-371D1D76DD2A}.Debug|x64.ActiveCfg = Debug|x64
		{BB66E5FC-5F5A-45BB-A0F9-371D1D76DD2A}.Debug|x64.Build.0 = Debug|x64
		{BB66E5FC-5F5A-45BB-A0F9-371D1D76DD2A}.Debug|x86.ActiveCfg = Debug|Win32
		{BB66E5FC-5F5A-45BB-A0F9-371D1D76DD2A}.Debug|x86.Build.0 = Debug|Win32
		{BB66E5FC-5F5A-45BB-A0F9-371D1D76DD2A}.Release|x64.ActiveCfg = Release|x64
		{BB66E5FC-5F5A-45BB-A0F9-371D1D76DD2A}.Release|x64.Build.0 = Release|x64
		{BB66E5FC-5F5A-45BB-A0F9-371D1D76DD2A}.Release|x86.ActiveCfg = Release|Win32
		{BB66E5FC-5F5A-45BB-A0F9-371D1D76DD2A}.Release|x86.Build.0 = Release|Win32
		{6669A463-DA23-4523-95DE-B061D2F88084}.Debug|x64.ActiveCfg = Debug|x64
		{6669A463-DA23-4523-95DE-B061D2F88084}.Debug|x64.Build.0 = Debug|x64
		{6669A463-DA23-4523-95DE-B061D2F88084}.Debug|x86.ActiveCfg = Debug|Win32
		{6669A463-DA23-4523-95DE-B061D2F88084}.Debug|x86.Build.0 = Debug|Win32
		{6669A463-DA23-4523-95DE-B061D2F88084}.Release|x64.ActiveCfg = Release|x64
		{6669A463-DA23-4523-95DE-B061D2F88084}.Release|x64.Build.0 = Release|x64
		{6669A463-DA23-4523-95DE-B061D2F88084}.Release|x86.ActiveCfg = Release|Win32
		{6669A463-DA23-4523-95DE-B061D2F88084}.Release|x86.Build.0 = Release|Win32
		{A55E1629-A4A3-48C1-B5BB-A6BAEC167AF7}.Debug|x64.ActiveCfg = Debug|x64
		{A55E1629-A4A3-48C1-B5BB-A6BAEC167AF7}.Debug|x64.Build.0 = Debug|x64
		{A55E1629-A4A3-48C1-B5BB-A6BAEC167AF7}.Debug|x86.ActiveCfg = Debug|Win32
		{A55E1629-A4A3-48C1-B5BB-A6BAEC167AF7}.Debug|x86.Build.0 = Debug|Win32
		{A55E1629-A4A3-48C1-B5BB-A6BAEC167AF7}.Release|x64.ActiveCfg = Release|x64
		{A55E1629-A4A3-48C1-B5BB-A6BAEC167AF7}.Release|x64.Build.0 = Release|x64
		{A55E1629-A4A3-48C1-B5BB-A6BAEC167AF7}.Release|x86.ActiveCfg = Release|Win32
		{A55E1629-A4A3-48C1-B5BB-A6BAEC167AF7}.Release|x86.Build.0 = Release|Win32
		{6418E0A6-B767-40D0-9B18-555778A9BE4F}.Debug|x64.ActiveCfg = Debug|x64
		{6418E0A6-B767-40D0-9B18-555778A9BE4F}.Debug|x64.Build.0 = Debug|x64
		{6418E0A6-B767-40D0-9B18-555778A9BE4F}.Debug|x86.ActiveCfg = Debug|Win32
		{6418E0A6-B767-40D0-9B18-555778A9BE4F}.Debug|x86.Build.0 = Debug|Win32
		{6418E0A6-B767-40D0-9B18-555778A9BE4F}.Release|x64.ActiveCfg = Release|x64
		{6418E0A6-B767-40D0-9B18-555778A9BE4F}.Release|x64.Build.0 = Release|x64
		{6418E0A6-B767-40D0-9B18-555778A9BE4F}.Release|x86.ActiveCfg = Release|Win32
		{6418E0A6-B767-40D0-9B18-555778A9BE4F}.Release|x86.Build.0 = Release|Win32
		{83E0A7B3-D609-4292-B126-D274EF57F5C5}.Debug|x64.ActiveCfg = Debug|x64
		{83E0A7B3-D609-4292-B126-D274EF57F5C5}.Debug|x64.Build.0 = Debug|x64
		{83E0A7B3-D609-4292-B126-D274EF57F5C5}.Debug|x86.ActiveCfg = Debug|Win32
		{83E0A7B3-D609-4292-B126-D274EF57F5C5}.Debug|x86.Build.0 = Debug|Win32
		{83E0A7B3-D609-4292-B126-D274EF57F5C5}.Release|x64.ActiveCfg = Release|x64
		{83E0A7B3-D609-4292-B126-D274EF57F5C5}.Release|x64.Build.0 = Release|x64
		{83E0A7B3-D609-4292-B126-D274EF57F5C5}.Release|x86.ActiveCfg = Release|Win32
		{83E0A7B3-D609-4292-B126-D274EF57F5C5}.Release|x86.Build.0 = Release|Win32
		{E88613C5-8D19-4FA7-9B10-E806B854D275}.Debug|x64.ActiveCfg = Debug|x64
		{E88613C5-8D19-4FA7-9B10-E806B854D275}.Debug|x64.Build.0 = Debug|x64
		{E88613C5-8D19-4FA7-9B10-E806B854D275}.Debug|x86.ActiveCfg = Debug|Win32
		{E88613C5-8D19-4FA7-9B10-E806B854D275}.Debug|x86.Build.0 = Debug|Win32
		{E88613C5-8D19-4FA7-9B10-E806B854D275}.Release|x64.ActiveCfg = Release|x64
		{E88613C5-8D19-4FA7-9B10-E806B854D275}.Release|x64.Build.0 = Release|x64
		{E88613C5-8D19-4FA7-9B10-E806B854D275}.Release|x86.ActiveCfg = Release|Win32
		{E88613C5-8D19-4FA7-9B10-E806B854D275}.Release|x86.Build.0 = Release|Win32
	EndGlobalSection
	GlobalSection(SolutionProperties) = preSolution
		HideSolutionNode = FALSE
	EndGlobalSection
	GlobalSection(ExtensibilityGlobals) = postSolution
		SolutionGuid = {6E84D924-E220-4C5C-B608-FBA483914519}
	EndGlobalSection
EndGlobal
